// !$*UTF8*$!
{
	archiveVersion = 1;
	classes = {
	};
	objectVersion = 46;
	objects = {

/* Begin PBXBuildFile section */
		3C1CCAE21BCDF42E009483B2 /* AppDelegate.swift in Sources */ = {isa = PBXBuildFile; fileRef = 3C1CCAE11BCDF42E009483B2 /* AppDelegate.swift */; };
		3C1CCAE41BCDF42E009483B2 /* ViewController.swift in Sources */ = {isa = PBXBuildFile; fileRef = 3C1CCAE31BCDF42E009483B2 /* ViewController.swift */; };
		3C1CCAE71BCDF42E009483B2 /* Main.storyboard in Resources */ = {isa = PBXBuildFile; fileRef = 3C1CCAE51BCDF42E009483B2 /* Main.storyboard */; };
		3C1CCAEA1BCDF42E009483B2 /* LiAlert.xcdatamodeld in Sources */ = {isa = PBXBuildFile; fileRef = 3C1CCAE81BCDF42E009483B2 /* LiAlert.xcdatamodeld */; };
		3C1CCAEC1BCDF42E009483B2 /* Assets.xcassets in Resources */ = {isa = PBXBuildFile; fileRef = 3C1CCAEB1BCDF42E009483B2 /* Assets.xcassets */; };
		3C1CCAEF1BCDF42E009483B2 /* LaunchScreen.storyboard in Resources */ = {isa = PBXBuildFile; fileRef = 3C1CCAED1BCDF42E009483B2 /* LaunchScreen.storyboard */; };
		3C1CCAFA1BCDF42E009483B2 /* LiAlertTests.swift in Sources */ = {isa = PBXBuildFile; fileRef = 3C1CCAF91BCDF42E009483B2 /* LiAlertTests.swift */; };
		3C1CCB051BCDF42E009483B2 /* LiAlertUITests.swift in Sources */ = {isa = PBXBuildFile; fileRef = 3C1CCB041BCDF42E009483B2 /* LiAlertUITests.swift */; };
		3C1CCB241BCE2E05009483B2 /* LiAlertViewController.swift in Sources */ = {isa = PBXBuildFile; fileRef = 3C1CCB231BCE2E05009483B2 /* LiAlertViewController.swift */; settings = {ASSET_TAGS = (); }; };
		3CFD13451BCF99BC003DA53F /* UITableView+FDIndexPathHeightCache.m in Sources */ = {isa = PBXBuildFile; fileRef = 3CFD133E1BCF99BC003DA53F /* UITableView+FDIndexPathHeightCache.m */; settings = {ASSET_TAGS = (); }; };
		3CFD13461BCF99BC003DA53F /* UITableView+FDKeyedHeightCache.m in Sources */ = {isa = PBXBuildFile; fileRef = 3CFD13401BCF99BC003DA53F /* UITableView+FDKeyedHeightCache.m */; settings = {ASSET_TAGS = (); }; };
		3CFD13471BCF99BC003DA53F /* UITableView+FDTemplateLayoutCell.m in Sources */ = {isa = PBXBuildFile; fileRef = 3CFD13421BCF99BC003DA53F /* UITableView+FDTemplateLayoutCell.m */; settings = {ASSET_TAGS = (); }; };
		3CFD13481BCF99BC003DA53F /* UITableView+FDTemplateLayoutCellDebug.m in Sources */ = {isa = PBXBuildFile; fileRef = 3CFD13441BCF99BC003DA53F /* UITableView+FDTemplateLayoutCellDebug.m */; settings = {ASSET_TAGS = (); }; };
/* End PBXBuildFile section */

/* Begin PBXContainerItemProxy section */
		3C1CCAF61BCDF42E009483B2 /* PBXContainerItemProxy */ = {
			isa = PBXContainerItemProxy;
			containerPortal = 3C1CCAD61BCDF42D009483B2 /* Project object */;
			proxyType = 1;
			remoteGlobalIDString = 3C1CCADD1BCDF42D009483B2;
			remoteInfo = LiAlert;
		};
		3C1CCB011BCDF42E009483B2 /* PBXContainerItemProxy */ = {
			isa = PBXContainerItemProxy;
			containerPortal = 3C1CCAD61BCDF42D009483B2 /* Project object */;
			proxyType = 1;
			remoteGlobalIDString = 3C1CCADD1BCDF42D009483B2;
			remoteInfo = LiAlert;
		};
/* End PBXContainerItemProxy section */

/* Begin PBXFileReference section */
		3C1CCADE1BCDF42D009483B2 /* LiAlert.app */ = {isa = PBXFileReference; explicitFileType = wrapper.application; includeInIndex = 0; path = LiAlert.app; sourceTree = BUILT_PRODUCTS_DIR; };
		3C1CCAE11BCDF42E009483B2 /* AppDelegate.swift */ = {isa = PBXFileReference; lastKnownFileType = sourcecode.swift; path = AppDelegate.swift; sourceTree = "<group>"; };
		3C1CCAE31BCDF42E009483B2 /* ViewController.swift */ = {isa = PBXFileReference; lastKnownFileType = sourcecode.swift; path = ViewController.swift; sourceTree = "<group>"; };
		3C1CCAE61BCDF42E009483B2 /* Base */ = {isa = PBXFileReference; lastKnownFileType = file.storyboard; name = Base; path = Base.lproj/Main.storyboard; sourceTree = "<group>"; };
		3C1CCAE91BCDF42E009483B2 /* LiAlert.xcdatamodel */ = {isa = PBXFileReference; lastKnownFileType = wrapper.xcdatamodel; path = LiAlert.xcdatamodel; sourceTree = "<group>"; };
		3C1CCAEB1BCDF42E009483B2 /* Assets.xcassets */ = {isa = PBXFileReference; lastKnownFileType = folder.assetcatalog; path = Assets.xcassets; sourceTree = "<group>"; };
		3C1CCAEE1BCDF42E009483B2 /* Base */ = {isa = PBXFileReference; lastKnownFileType = file.storyboard; name = Base; path = Base.lproj/LaunchScreen.storyboard; sourceTree = "<group>"; };
		3C1CCAF01BCDF42E009483B2 /* Info.plist */ = {isa = PBXFileReference; lastKnownFileType = text.plist.xml; path = Info.plist; sourceTree = "<group>"; };
		3C1CCAF51BCDF42E009483B2 /* LiAlertTests.xctest */ = {isa = PBXFileReference; explicitFileType = wrapper.cfbundle; includeInIndex = 0; path = LiAlertTests.xctest; sourceTree = BUILT_PRODUCTS_DIR; };
		3C1CCAF91BCDF42E009483B2 /* LiAlertTests.swift */ = {isa = PBXFileReference; lastKnownFileType = sourcecode.swift; path = LiAlertTests.swift; sourceTree = "<group>"; };
		3C1CCAFB1BCDF42E009483B2 /* Info.plist */ = {isa = PBXFileReference; lastKnownFileType = text.plist.xml; path = Info.plist; sourceTree = "<group>"; };
		3C1CCB001BCDF42E009483B2 /* LiAlertUITests.xctest */ = {isa = PBXFileReference; explicitFileType = wrapper.cfbundle; includeInIndex = 0; path = LiAlertUITests.xctest; sourceTree = BUILT_PRODUCTS_DIR; };
		3C1CCB041BCDF42E009483B2 /* LiAlertUITests.swift */ = {isa = PBXFileReference; lastKnownFileType = sourcecode.swift; path = LiAlertUITests.swift; sourceTree = "<group>"; };
		3C1CCB061BCDF42E009483B2 /* Info.plist */ = {isa = PBXFileReference; lastKnownFileType = text.plist.xml; path = Info.plist; sourceTree = "<group>"; };
		3C1CCB231BCE2E05009483B2 /* LiAlertViewController.swift */ = {isa = PBXFileReference; fileEncoding = 4; lastKnownFileType = sourcecode.swift; path = LiAlertViewController.swift; sourceTree = "<group>"; };
		3CFD133D1BCF99BC003DA53F /* UITableView+FDIndexPathHeightCache.h */ = {isa = PBXFileReference; fileEncoding = 4; lastKnownFileType = sourcecode.c.h; path = "UITableView+FDIndexPathHeightCache.h"; sourceTree = "<group>"; };
		3CFD133E1BCF99BC003DA53F /* UITableView+FDIndexPathHeightCache.m */ = {isa = PBXFileReference; fileEncoding = 4; lastKnownFileType = sourcecode.c.objc; path = "UITableView+FDIndexPathHeightCache.m"; sourceTree = "<group>"; };
		3CFD133F1BCF99BC003DA53F /* UITableView+FDKeyedHeightCache.h */ = {isa = PBXFileReference; fileEncoding = 4; lastKnownFileType = sourcecode.c.h; path = "UITableView+FDKeyedHeightCache.h"; sourceTree = "<group>"; };
		3CFD13401BCF99BC003DA53F /* UITableView+FDKeyedHeightCache.m */ = {isa = PBXFileReference; fileEncoding = 4; lastKnownFileType = sourcecode.c.objc; path = "UITableView+FDKeyedHeightCache.m"; sourceTree = "<group>"; };
		3CFD13411BCF99BC003DA53F /* UITableView+FDTemplateLayoutCell.h */ = {isa = PBXFileReference; fileEncoding = 4; lastKnownFileType = sourcecode.c.h; path = "UITableView+FDTemplateLayoutCell.h"; sourceTree = "<group>"; };
		3CFD13421BCF99BC003DA53F /* UITableView+FDTemplateLayoutCell.m */ = {isa = PBXFileReference; fileEncoding = 4; lastKnownFileType = sourcecode.c.objc; path = "UITableView+FDTemplateLayoutCell.m"; sourceTree = "<group>"; };
		3CFD13431BCF99BC003DA53F /* UITableView+FDTemplateLayoutCellDebug.h */ = {isa = PBXFileReference; fileEncoding = 4; lastKnownFileType = sourcecode.c.h; path = "UITableView+FDTemplateLayoutCellDebug.h"; sourceTree = "<group>"; };
		3CFD13441BCF99BC003DA53F /* UITableView+FDTemplateLayoutCellDebug.m */ = {isa = PBXFileReference; fileEncoding = 4; lastKnownFileType = sourcecode.c.objc; path = "UITableView+FDTemplateLayoutCellDebug.m"; sourceTree = "<group>"; };
		3CFD13491BCF9A16003DA53F /* Header.h */ = {isa = PBXFileReference; lastKnownFileType = sourcecode.c.h; path = Header.h; sourceTree = "<group>"; };
/* End PBXFileReference section */

/* Begin PBXFrameworksBuildPhase section */
		3C1CCADB1BCDF42D009483B2 /* Frameworks */ = {
			isa = PBXFrameworksBuildPhase;
			buildActionMask = 2147483647;
			files = (
			);
			runOnlyForDeploymentPostprocessing = 0;
		};
		3C1CCAF21BCDF42E009483B2 /* Frameworks */ = {
			isa = PBXFrameworksBuildPhase;
			buildActionMask = 2147483647;
			files = (
			);
			runOnlyForDeploymentPostprocessing = 0;
		};
		3C1CCAFD1BCDF42E009483B2 /* Frameworks */ = {
			isa = PBXFrameworksBuildPhase;
			buildActionMask = 2147483647;
			files = (
			);
			runOnlyForDeploymentPostprocessing = 0;
		};
/* End PBXFrameworksBuildPhase section */

/* Begin PBXGroup section */
		3C1CCAD51BCDF42D009483B2 = {
			isa = PBXGroup;
			children = (
				3CFD13491BCF9A16003DA53F /* Header.h */,
				3C1CCAE01BCDF42D009483B2 /* LiAlert */,
				3C1CCAF81BCDF42E009483B2 /* LiAlertTests */,
				3C1CCB031BCDF42E009483B2 /* LiAlertUITests */,
				3C1CCADF1BCDF42D009483B2 /* Products */,
			);
			sourceTree = "<group>";
		};
		3C1CCADF1BCDF42D009483B2 /* Products */ = {
			isa = PBXGroup;
			children = (
				3C1CCADE1BCDF42D009483B2 /* LiAlert.app */,
				3C1CCAF51BCDF42E009483B2 /* LiAlertTests.xctest */,
				3C1CCB001BCDF42E009483B2 /* LiAlertUITests.xctest */,
			);
			name = Products;
			sourceTree = "<group>";
		};
		3C1CCAE01BCDF42D009483B2 /* LiAlert */ = {
			isa = PBXGroup;
			children = (
				3CFD133C1BCF99BC003DA53F /* UITableView-FDTemplateLayoutCell */,
				3C1CCAE11BCDF42E009483B2 /* AppDelegate.swift */,
				3C1CCAE31BCDF42E009483B2 /* ViewController.swift */,
				3C1CCAE51BCDF42E009483B2 /* Main.storyboard */,
				3C1CCAEB1BCDF42E009483B2 /* Assets.xcassets */,
				3C1CCAED1BCDF42E009483B2 /* LaunchScreen.storyboard */,
				3C1CCAF01BCDF42E009483B2 /* Info.plist */,
				3C1CCAE81BCDF42E009483B2 /* LiAlert.xcdatamodeld */,
				3C1CCB231BCE2E05009483B2 /* LiAlertViewController.swift */,
			);
			path = LiAlert;
			sourceTree = "<group>";
		};
		3C1CCAF81BCDF42E009483B2 /* LiAlertTests */ = {
			isa = PBXGroup;
			children = (
				3C1CCAF91BCDF42E009483B2 /* LiAlertTests.swift */,
				3C1CCAFB1BCDF42E009483B2 /* Info.plist */,
			);
			path = LiAlertTests;
			sourceTree = "<group>";
		};
		3C1CCB031BCDF42E009483B2 /* LiAlertUITests */ = {
			isa = PBXGroup;
			children = (
				3C1CCB041BCDF42E009483B2 /* LiAlertUITests.swift */,
				3C1CCB061BCDF42E009483B2 /* Info.plist */,
			);
			path = LiAlertUITests;
			sourceTree = "<group>";
		};
		3CFD133C1BCF99BC003DA53F /* UITableView-FDTemplateLayoutCell */ = {
			isa = PBXGroup;
			children = (
				3CFD133D1BCF99BC003DA53F /* UITableView+FDIndexPathHeightCache.h */,
				3CFD133E1BCF99BC003DA53F /* UITableView+FDIndexPathHeightCache.m */,
				3CFD133F1BCF99BC003DA53F /* UITableView+FDKeyedHeightCache.h */,
				3CFD13401BCF99BC003DA53F /* UITableView+FDKeyedHeightCache.m */,
				3CFD13411BCF99BC003DA53F /* UITableView+FDTemplateLayoutCell.h */,
				3CFD13421BCF99BC003DA53F /* UITableView+FDTemplateLayoutCell.m */,
				3CFD13431BCF99BC003DA53F /* UITableView+FDTemplateLayoutCellDebug.h */,
				3CFD13441BCF99BC003DA53F /* UITableView+FDTemplateLayoutCellDebug.m */,
			);
			name = "UITableView-FDTemplateLayoutCell";
			path = Classes;
			sourceTree = "<group>";
		};
/* End PBXGroup section */

/* Begin PBXNativeTarget section */
		3C1CCADD1BCDF42D009483B2 /* LiAlert */ = {
			isa = PBXNativeTarget;
			buildConfigurationList = 3C1CCB091BCDF42E009483B2 /* Build configuration list for PBXNativeTarget "LiAlert" */;
			buildPhases = (
				3C1CCADA1BCDF42D009483B2 /* Sources */,
				3C1CCADB1BCDF42D009483B2 /* Frameworks */,
				3C1CCADC1BCDF42D009483B2 /* Resources */,
			);
			buildRules = (
			);
			dependencies = (
			);
			name = LiAlert;
			productName = LiAlert;
			productReference = 3C1CCADE1BCDF42D009483B2 /* LiAlert.app */;
			productType = "com.apple.product-type.application";
		};
		3C1CCAF41BCDF42E009483B2 /* LiAlertTests */ = {
			isa = PBXNativeTarget;
			buildConfigurationList = 3C1CCB0C1BCDF42E009483B2 /* Build configuration list for PBXNativeTarget "LiAlertTests" */;
			buildPhases = (
				3C1CCAF11BCDF42E009483B2 /* Sources */,
				3C1CCAF21BCDF42E009483B2 /* Frameworks */,
				3C1CCAF31BCDF42E009483B2 /* Resources */,
			);
			buildRules = (
			);
			dependencies = (
				3C1CCAF71BCDF42E009483B2 /* PBXTargetDependency */,
			);
			name = LiAlertTests;
			productName = LiAlertTests;
			productReference = 3C1CCAF51BCDF42E009483B2 /* LiAlertTests.xctest */;
			productType = "com.apple.product-type.bundle.unit-test";
		};
		3C1CCAFF1BCDF42E009483B2 /* LiAlertUITests */ = {
			isa = PBXNativeTarget;
			buildConfigurationList = 3C1CCB0F1BCDF42E009483B2 /* Build configuration list for PBXNativeTarget "LiAlertUITests" */;
			buildPhases = (
				3C1CCAFC1BCDF42E009483B2 /* Sources */,
				3C1CCAFD1BCDF42E009483B2 /* Frameworks */,
				3C1CCAFE1BCDF42E009483B2 /* Resources */,
			);
			buildRules = (
			);
			dependencies = (
				3C1CCB021BCDF42E009483B2 /* PBXTargetDependency */,
			);
			name = LiAlertUITests;
			productName = LiAlertUITests;
			productReference = 3C1CCB001BCDF42E009483B2 /* LiAlertUITests.xctest */;
			productType = "com.apple.product-type.bundle.ui-testing";
		};
/* End PBXNativeTarget section */

/* Begin PBXProject section */
		3C1CCAD61BCDF42D009483B2 /* Project object */ = {
			isa = PBXProject;
			attributes = {
				LastUpgradeCheck = 0700;
				ORGANIZATIONNAME = zm002;
				TargetAttributes = {
					3C1CCADD1BCDF42D009483B2 = {
						CreatedOnToolsVersion = 7.0.1;
						DevelopmentTeam = 77JD7ZH3Y4;
					};
					3C1CCAF41BCDF42E009483B2 = {
						CreatedOnToolsVersion = 7.0.1;
						TestTargetID = 3C1CCADD1BCDF42D009483B2;
					};
					3C1CCAFF1BCDF42E009483B2 = {
						CreatedOnToolsVersion = 7.0.1;
						TestTargetID = 3C1CCADD1BCDF42D009483B2;
					};
				};
			};
			buildConfigurationList = 3C1CCAD91BCDF42D009483B2 /* Build configuration list for PBXProject "LiAlert" */;
			compatibilityVersion = "Xcode 3.2";
			developmentRegion = English;
			hasScannedForEncodings = 0;
			knownRegions = (
				en,
				Base,
			);
			mainGroup = 3C1CCAD51BCDF42D009483B2;
			productRefGroup = 3C1CCADF1BCDF42D009483B2 /* Products */;
			projectDirPath = "";
			projectRoot = "";
			targets = (
				3C1CCADD1BCDF42D009483B2 /* LiAlert */,
				3C1CCAF41BCDF42E009483B2 /* LiAlertTests */,
				3C1CCAFF1BCDF42E009483B2 /* LiAlertUITests */,
			);
		};
/* End PBXProject section */

/* Begin PBXResourcesBuildPhase section */
		3C1CCADC1BCDF42D009483B2 /* Resources */ = {
			isa = PBXResourcesBuildPhase;
			buildActionMask = 2147483647;
			files = (
				3C1CCAEF1BCDF42E009483B2 /* LaunchScreen.storyboard in Resources */,
				3C1CCAEC1BCDF42E009483B2 /* Assets.xcassets in Resources */,
				3C1CCAE71BCDF42E009483B2 /* Main.storyboard in Resources */,
			);
			runOnlyForDeploymentPostprocessing = 0;
		};
		3C1CCAF31BCDF42E009483B2 /* Resources */ = {
			isa = PBXResourcesBuildPhase;
			buildActionMask = 2147483647;
			files = (
			);
			runOnlyForDeploymentPostprocessing = 0;
		};
		3C1CCAFE1BCDF42E009483B2 /* Resources */ = {
			isa = PBXResourcesBuildPhase;
			buildActionMask = 2147483647;
			files = (
			);
			runOnlyForDeploymentPostprocessing = 0;
		};
/* End PBXResourcesBuildPhase section */

/* Begin PBXSourcesBuildPhase section */
		3C1CCADA1BCDF42D009483B2 /* Sources */ = {
			isa = PBXSourcesBuildPhase;
			buildActionMask = 2147483647;
			files = (
				3CFD13461BCF99BC003DA53F /* UITableView+FDKeyedHeightCache.m in Sources */,
				3CFD13481BCF99BC003DA53F /* UITableView+FDTemplateLayoutCellDebug.m in Sources */,
				3CFD13471BCF99BC003DA53F /* UITableView+FDTemplateLayoutCell.m in Sources */,
				3C1CCAEA1BCDF42E009483B2 /* LiAlert.xcdatamodeld in Sources */,
				3C1CCAE41BCDF42E009483B2 /* ViewController.swift in Sources */,
				3C1CCB241BCE2E05009483B2 /* LiAlertViewController.swift in Sources */,
				3CFD13451BCF99BC003DA53F /* UITableView+FDIndexPathHeightCache.m in Sources */,
				3C1CCAE21BCDF42E009483B2 /* AppDelegate.swift in Sources */,
			);
			runOnlyForDeploymentPostprocessing = 0;
		};
		3C1CCAF11BCDF42E009483B2 /* Sources */ = {
			isa = PBXSourcesBuildPhase;
			buildActionMask = 2147483647;
			files = (
				3C1CCAFA1BCDF42E009483B2 /* LiAlertTests.swift in Sources */,
			);
			runOnlyForDeploymentPostprocessing = 0;
		};
		3C1CCAFC1BCDF42E009483B2 /* Sources */ = {
			isa = PBXSourcesBuildPhase;
			buildActionMask = 2147483647;
			files = (
				3C1CCB051BCDF42E009483B2 /* LiAlertUITests.swift in Sources */,
			);
			runOnlyForDeploymentPostprocessing = 0;
		};
/* End PBXSourcesBuildPhase section */

/* Begin PBXTargetDependency section */
		3C1CCAF71BCDF42E009483B2 /* PBXTargetDependency */ = {
			isa = PBXTargetDependency;
			target = 3C1CCADD1BCDF42D009483B2 /* LiAlert */;
			targetProxy = 3C1CCAF61BCDF42E009483B2 /* PBXContainerItemProxy */;
		};
		3C1CCB021BCDF42E009483B2 /* PBXTargetDependency */ = {
			isa = PBXTargetDependency;
			target = 3C1CCADD1BCDF42D009483B2 /* LiAlert */;
			targetProxy = 3C1CCB011BCDF42E009483B2 /* PBXContainerItemProxy */;
		};
/* End PBXTargetDependency section */

/* Begin PBXVariantGroup section */
		3C1CCAE51BCDF42E009483B2 /* Main.storyboard */ = {
			isa = PBXVariantGroup;
			children = (
				3C1CCAE61BCDF42E009483B2 /* Base */,
			);
			name = Main.storyboard;
			sourceTree = "<group>";
		};
		3C1CCAED1BCDF42E009483B2 /* LaunchScreen.storyboard */ = {
			isa = PBXVariantGroup;
			children = (
				3C1CCAEE1BCDF42E009483B2 /* Base */,
			);
			name = LaunchScreen.storyboard;
			sourceTree = "<group>";
		};
/* End PBXVariantGroup section */

/* Begin XCBuildConfiguration section */
		3C1CCB071BCDF42E009483B2 /* Debug */ = {
			isa = XCBuildConfiguration;
			buildSettings = {
				ALWAYS_SEARCH_USER_PATHS = NO;
				CLANG_CXX_LANGUAGE_STANDARD = "gnu++0x";
				CLANG_CXX_LIBRARY = "libc++";
				CLANG_ENABLE_MODULES = YES;
				CLANG_ENABLE_OBJC_ARC = YES;
				CLANG_WARN_BOOL_CONVERSION = YES;
				CLANG_WARN_CONSTANT_CONVERSION = YES;
				CLANG_WARN_DIRECT_OBJC_ISA_USAGE = YES_ERROR;
				CLANG_WARN_EMPTY_BODY = YES;
				CLANG_WARN_ENUM_CONVERSION = YES;
				CLANG_WARN_INT_CONVERSION = YES;
				CLANG_WARN_OBJC_ROOT_CLASS = YES_ERROR;
				CLANG_WARN_UNREACHABLE_CODE = YES;
				CLANG_WARN__DUPLICATE_METHOD_MATCH = YES;
				"CODE_SIGN_IDENTITY[sdk=iphoneos*]" = "iPhone Developer";
				COPY_PHASE_STRIP = NO;
				DEBUG_INFORMATION_FORMAT = dwarf;
				ENABLE_STRICT_OBJC_MSGSEND = YES;
				ENABLE_TESTABILITY = YES;
				GCC_C_LANGUAGE_STANDARD = gnu99;
				GCC_DYNAMIC_NO_PIC = NO;
				GCC_NO_COMMON_BLOCKS = YES;
				GCC_OPTIMIZATION_LEVEL = 0;
				GCC_PREPROCESSOR_DEFINITIONS = (
					"DEBUG=1",
					"$(inherited)",
				);
				GCC_WARN_64_TO_32_BIT_CONVERSION = YES;
				GCC_WARN_ABOUT_RETURN_TYPE = YES_ERROR;
				GCC_WARN_UNDECLARED_SELECTOR = YES;
				GCC_WARN_UNINITIALIZED_AUTOS = YES_AGGRESSIVE;
				GCC_WARN_UNUSED_FUNCTION = YES;
				GCC_WARN_UNUSED_VARIABLE = YES;
				IPHONEOS_DEPLOYMENT_TARGET = 9.0;
				MTL_ENABLE_DEBUG_INFO = YES;
				ONLY_ACTIVE_ARCH = YES;
				SDKROOT = iphoneos;
				SWIFT_OPTIMIZATION_LEVEL = "-Onone";
				TARGETED_DEVICE_FAMILY = "1,2";
			};
			name = Debug;
		};
		3C1CCB081BCDF42E009483B2 /* Release */ = {
			isa = XCBuildConfiguration;
			buildSettings = {
				ALWAYS_SEARCH_USER_PATHS = NO;
				CLANG_CXX_LANGUAGE_STANDARD = "gnu++0x";
				CLANG_CXX_LIBRARY = "libc++";
				CLANG_ENABLE_MODULES = YES;
				CLANG_ENABLE_OBJC_ARC = YES;
				CLANG_WARN_BOOL_CONVERSION = YES;
				CLANG_WARN_CONSTANT_CONVERSION = YES;
				CLANG_WARN_DIRECT_OBJC_ISA_USAGE = YES_ERROR;
				CLANG_WARN_EMPTY_BODY = YES;
				CLANG_WARN_ENUM_CONVERSION = YES;
				CLANG_WARN_INT_CONVERSION = YES;
				CLANG_WARN_OBJC_ROOT_CLASS = YES_ERROR;
				CLANG_WARN_UNREACHABLE_CODE = YES;
				CLANG_WARN__DUPLICATE_METHOD_MATCH = YES;
				"CODE_SIGN_IDENTITY[sdk=iphoneos*]" = "iPhone Developer";
				COPY_PHASE_STRIP = NO;
				DEBUG_INFORMATION_FORMAT = "dwarf-with-dsym";
				ENABLE_NS_ASSERTIONS = NO;
				ENABLE_STRICT_OBJC_MSGSEND = YES;
				GCC_C_LANGUAGE_STANDARD = gnu99;
				GCC_NO_COMMON_BLOCKS = YES;
				GCC_WARN_64_TO_32_BIT_CONVERSION = YES;
				GCC_WARN_ABOUT_RETURN_TYPE = YES_ERROR;
				GCC_WARN_UNDECLARED_SELECTOR = YES;
				GCC_WARN_UNINITIALIZED_AUTOS = YES_AGGRESSIVE;
				GCC_WARN_UNUSED_FUNCTION = YES;
				GCC_WARN_UNUSED_VARIABLE = YES;
				IPHONEOS_DEPLOYMENT_TARGET = 9.0;
				MTL_ENABLE_DEBUG_INFO = NO;
				SDKROOT = iphoneos;
				TARGETED_DEVICE_FAMILY = "1,2";
				VALIDATE_PRODUCT = YES;
			};
			name = Release;
		};
		3C1CCB0A1BCDF42E009483B2 /* Debug */ = {
			isa = XCBuildConfiguration;
			buildSettings = {
				ASSETCATALOG_COMPILER_APPICON_NAME = AppIcon;
				CODE_SIGN_IDENTITY = "iOS Development: Yongyin Yang (KT3Q9RXQP3)";
				INFOPLIST_FILE = LiAlert/Info.plist;
				IPHONEOS_DEPLOYMENT_TARGET = 7.0;
				LD_RUNPATH_SEARCH_PATHS = "$(inherited) @executable_path/Frameworks";
				PRODUCT_BUNDLE_IDENTIFIER = com.zmaitech.LiAlert;
				PRODUCT_NAME = "$(TARGET_NAME)";
				SWIFT_OBJC_BRIDGING_HEADER = Header.h;
			};
			name = Debug;
		};
		3C1CCB0B1BCDF42E009483B2 /* Release */ = {
			isa = XCBuildConfiguration;
			buildSettings = {
				ASSETCATALOG_COMPILER_APPICON_NAME = AppIcon;
				CODE_SIGN_IDENTITY = "iPhone Developer";
				INFOPLIST_FILE = LiAlert/Info.plist;
				IPHONEOS_DEPLOYMENT_TARGET = 7.0;
				LD_RUNPATH_SEARCH_PATHS = "$(inherited) @executable_path/Frameworks";
				PRODUCT_BUNDLE_IDENTIFIER = com.zmaitech.LiAlert;
				PRODUCT_NAME = "$(TARGET_NAME)";
				SWIFT_OBJC_BRIDGING_HEADER = Header.h;
			};
			name = Release;
		};
		3C1CCB0D1BCDF42E009483B2 /* Debug */ = {
			isa = XCBuildConfiguration;
			buildSettings = {
				BUNDLE_LOADER = "$(TEST_HOST)";
				INFOPLIST_FILE = LiAlertTests/Info.plist;
				LD_RUNPATH_SEARCH_PATHS = "$(inherited) @executable_path/Frameworks @loader_path/Frameworks";
				PRODUCT_BUNDLE_IDENTIFIER = com.zmaitech.LiAlertTests;
				PRODUCT_NAME = "$(TARGET_NAME)";
				TEST_HOST = "$(BUILT_PRODUCTS_DIR)/LiAlert.app/LiAlert";
			};
			name = Debug;
		};
		3C1CCB0E1BCDF42E009483B2 /* Release */ = {
			isa = XCBuildConfiguration;
			buildSettings = {
				BUNDLE_LOADER = "$(TEST_HOST)";
				INFOPLIST_FILE = LiAlertTests/Info.plist;
				LD_RUNPATH_SEARCH_PATHS = "$(inherited) @executable_path/Frameworks @loader_path/Frameworks";
				PRODUCT_BUNDLE_IDENTIFIER = com.zmaitech.LiAlertTests;
				PRODUCT_NAME = "$(TARGET_NAME)";
				TEST_HOST = "$(BUILT_PRODUCTS_DIR)/LiAlert.app/LiAlert";
			};
			name = Release;
		};
		3C1CCB101BCDF42E009483B2 /* Debug */ = {
			isa = XCBuildConfiguration;
			buildSettings = {
				INFOPLIST_FILE = LiAlertUITests/Info.plist;
				LD_RUNPATH_SEARCH_PATHS = "$(inherited) @executable_path/Frameworks @loader_path/Frameworks";
				PRODUCT_BUNDLE_IDENTIFIER = com.zmaitech.LiAlertUITests;
				PRODUCT_NAME = "$(TARGET_NAME)";
				TEST_TARGET_NAME = LiAlert;
				USES_XCTRUNNER = YES;
			};
			name = Debug;
		};
		3C1CCB111BCDF42E009483B2 /* Release */ = {
			isa = XCBuildConfiguration;
			buildSettings = {
				INFOPLIST_FILE = LiAlertUITests/Info.plist;
				LD_RUNPATH_SEARCH_PATHS = "$(inherited) @executable_path/Frameworks @loader_path/Frameworks";
				PRODUCT_BUNDLE_IDENTIFIER = com.zmaitech.LiAlertUITests;
				PRODUCT_NAME = "$(TARGET_NAME)";
				TEST_TARGET_NAME = LiAlert;
				USES_XCTRUNNER = YES;
			};
			name = Release;
		};
/* End XCBuildConfiguration section */

/* Begin XCConfigurationList section */
		3C1CCAD91BCDF42D009483B2 /* Build configuration list for PBXProject "LiAlert" */ = {
			isa = XCConfigurationList;
			buildConfigurations = (
				3C1CCB071BCDF42E009483B2 /* Debug */,
				3C1CCB081BCDF42E009483B2 /* Release */,
			);
			defaultConfigurationIsVisible = 0;
			defaultConfigurationName = Release;
		};
		3C1CCB091BCDF42E009483B2 /* Build configuration list for PBXNativeTarget "LiAlert" */ = {
			isa = XCConfigurationList;
			buildConfigurations = (
				3C1CCB0A1BCDF42E009483B2 /* Debug */,
				3C1CCB0B1BCDF42E009483B2 /* Release */,
			);
			defaultConfigurationIsVisible = 0;
			defaultConfigurationName = Release;
		};
		3C1CCB0C1BCDF42E009483B2 /* Build configuration list for PBXNativeTarget "LiAlertTests" */ = {
			isa = XCConfigurationList;
			buildConfigurations = (
				3C1CCB0D1BCDF42E009483B2 /* Debug */,
				3C1CCB0E1BCDF42E009483B2 /* Release */,
			);
			defaultConfigurationIsVisible = 0;
			defaultConfigurationName = Release;
		};
		3C1CCB0F1BCDF42E009483B2 /* Build configuration list for PBXNativeTarget "LiAlertUITests" */ = {
			isa = XCConfigurationList;
			buildConfigurations = (
				3C1CCB101BCDF42E009483B2 /* Debug */,
				3C1CCB111BCDF42E009483B2 /* Release */,
			);
			defaultConfigurationIsVisible = 0;
			defaultConfigurationName = Release;
		};
/* End XCConfigurationList section */

/* Begin XCVersionGroup section */
		3C1CCAE81BCDF42E009483B2 /* LiAlert.xcdatamodeld */ = {
			isa = XCVersionGroup;
			children = (
				3C1CCAE91BCDF42E009483B2 /* LiAlert.xcdatamodel */,
			);
			currentVersion = 3C1CCAE91BCDF42E009483B2 /* LiAlert.xcdatamodel */;
			path = LiAlert.xcdatamodeld;
			sourceTree = "<group>";
			versionGroupType = wrapper.xcdatamodel;
		};
/* End XCVersionGroup section */
	};
	rootObject = 3C1CCAD61BCDF42D009483B2 /* Project object */;
}
